
Microsoft Visual Studio Solution File, Format Version 12.00
# Visual Studio Version 16
VisualStudioVersion = 16.0.29215.179
MinimumVisualStudioVersion = 10.0.40219.1
Project("{8BC9CEB8-8B4A-11D0-8D11-00A0C91BC942}") = "calling_functions", "calling_functions.vcxproj", "{545595B7-B196-40A2-9C9D-AF4B705413D1}"
EndProject
Global
	GlobalSection(SolutionConfigurationPlatforms) = preSolution
		Debug|x64 = Debug|x64
		Debug|x86 = Debug|x86
		Release|x64 = Release|x64
		Release|x86 = Release|x86
	EndGlobalSection
	GlobalSection(ProjectConfigurationPlatforms) = postSolution
		{545595B7-B196-40A2-9C9D-AF4B705413D1}.Debug|x64.ActiveCfg = Debug|x64
		{545595B7-B196-40A2-9C9D-AF4B705413D1}.Debug|x64.Build.0 = Debug|x64
		{545595B7-B196-40A2-9C9D-AF4B705413D1}.Debug|x86.ActiveCfg = Debug|Win32
		{545595B7-B196-40A2-9C9D-AF4B705413D1}.Debug|x86.Build.0 = Debug|Win32
		{545595B7-B196-40A2-9C9D-AF4B705413D1}.Release|x64.ActiveCfg = Release|x64
		{545595B7-B196-40A2-9C9D-AF4B705413D1}.Release|x64.Build.0 = Release|x64
		{545595B7-B196-40A2-9C9D-AF4B705413D1}.Release|x86.ActiveCfg = Release|Win32
		{545595B7-B196-40A2-9C9D-AF4B705413D1}.Release|x86.Build.0 = Release|Win32
	EndGlobalSection
	GlobalSection(SolutionProperties) = preSolution
		HideSolutionNode = FALSE
	EndGlobalSection
	GlobalSection(ExtensibilityGlobals) = postSolution
		SolutionGuid = {DA8A6002-31BD-4F41-83DD-9CA2178E36AD}
	EndGlobalSection
EndGlobal
